// !$*UTF8*$!
{
	archiveVersion = 1;
	classes = {
	};
	objectVersion = 48;
	objects = {

/* Begin PBXBuildFile section */
		4F064026F7133E4554EB341F /* Pods_TestSeenHeadIGListKit.framework in Frameworks */ = {isa = PBXBuildFile; fileRef = C4A4BBA23F578D93D23E0EFB /* Pods_TestSeenHeadIGListKit.framework */; };
		6DA1922647421CD39753E7D8 /* Pods_TestSeenHeadIGListKitTests.framework in Frameworks */ = {isa = PBXBuildFile; fileRef = 6864E7BBE2C7245395E0CFD0 /* Pods_TestSeenHeadIGListKitTests.framework */; };
		B8432014202183B200B75738 /* AppDelegate.swift in Sources */ = {isa = PBXBuildFile; fileRef = B8432013202183B200B75738 /* AppDelegate.swift */; };
		B8432016202183B200B75738 /* MainViewController.swift in Sources */ = {isa = PBXBuildFile; fileRef = B8432015202183B200B75738 /* MainViewController.swift */; };
		B8432019202183B200B75738 /* Main.storyboard in Resources */ = {isa = PBXBuildFile; fileRef = B8432017202183B200B75738 /* Main.storyboard */; };
		B843201B202183B200B75738 /* Assets.xcassets in Resources */ = {isa = PBXBuildFile; fileRef = B843201A202183B200B75738 /* Assets.xcassets */; };
		B843201E202183B200B75738 /* LaunchScreen.storyboard in Resources */ = {isa = PBXBuildFile; fileRef = B843201C202183B200B75738 /* LaunchScreen.storyboard */; };
		B8432029202183B300B75738 /* TestSeenHeadIGListKitTests.swift in Sources */ = {isa = PBXBuildFile; fileRef = B8432028202183B300B75738 /* TestSeenHeadIGListKitTests.swift */; };
		B84320362021919B00B75738 /* TestUser.swift in Sources */ = {isa = PBXBuildFile; fileRef = B84320352021919B00B75738 /* TestUser.swift */; };
		B8432038202191BF00B75738 /* TestMessage.swift in Sources */ = {isa = PBXBuildFile; fileRef = B8432037202191BF00B75738 /* TestMessage.swift */; };
		B843203C2021975F00B75738 /* TestLabelCell.swift in Sources */ = {isa = PBXBuildFile; fileRef = B843203B2021975F00B75738 /* TestLabelCell.swift */; };
		B843203E2021977600B75738 /* TestSeenHeadCell.swift in Sources */ = {isa = PBXBuildFile; fileRef = B843203D2021977600B75738 /* TestSeenHeadCell.swift */; };
		B84320402021BC6700B75738 /* EmbeddedCollectionViewCell.swift in Sources */ = {isa = PBXBuildFile; fileRef = B843203F2021BC6700B75738 /* EmbeddedCollectionViewCell.swift */; };
		B84320422021BCA800B75738 /* HorizontalSectionController.swift in Sources */ = {isa = PBXBuildFile; fileRef = B84320412021BCA800B75738 /* HorizontalSectionController.swift */; };
		B84320442021C36100B75738 /* SeenHeads.swift in Sources */ = {isa = PBXBuildFile; fileRef = B84320432021C36100B75738 /* SeenHeads.swift */; };
/* End PBXBuildFile section */

/* Begin PBXContainerItemProxy section */
		B8432025202183B300B75738 /* PBXContainerItemProxy */ = {
			isa = PBXContainerItemProxy;
			containerPortal = B8432008202183B200B75738 /* Project object */;
			proxyType = 1;
			remoteGlobalIDString = B843200F202183B200B75738;
			remoteInfo = TestSeenHeadIGListKit;
		};
/* End PBXContainerItemProxy section */

/* Begin PBXFileReference section */
		2BCED837B92BDBF57CADB3F5 /* Pods-TestSeenHeadIGListKit.release.xcconfig */ = {isa = PBXFileReference; includeInIndex = 1; lastKnownFileType = text.xcconfig; name = "Pods-TestSeenHeadIGListKit.release.xcconfig"; path = "Pods/Target Support Files/Pods-TestSeenHeadIGListKit/Pods-TestSeenHeadIGListKit.release.xcconfig"; sourceTree = "<group>"; };
		6864E7BBE2C7245395E0CFD0 /* Pods_TestSeenHeadIGListKitTests.framework */ = {isa = PBXFileReference; explicitFileType = wrapper.framework; includeInIndex = 0; path = Pods_TestSeenHeadIGListKitTests.framework; sourceTree = BUILT_PRODUCTS_DIR; };
		81EF23C285C9D0F32C5C7925 /* Pods-TestSeenHeadIGListKitTests.release.xcconfig */ = {isa = PBXFileReference; includeInIndex = 1; lastKnownFileType = text.xcconfig; name = "Pods-TestSeenHeadIGListKitTests.release.xcconfig"; path = "Pods/Target Support Files/Pods-TestSeenHeadIGListKitTests/Pods-TestSeenHeadIGListKitTests.release.xcconfig"; sourceTree = "<group>"; };
		93C8B049B743B180A2D86897 /* Pods-TestSeenHeadIGListKitTests.debug.xcconfig */ = {isa = PBXFileReference; includeInIndex = 1; lastKnownFileType = text.xcconfig; name = "Pods-TestSeenHeadIGListKitTests.debug.xcconfig"; path = "Pods/Target Support Files/Pods-TestSeenHeadIGListKitTests/Pods-TestSeenHeadIGListKitTests.debug.xcconfig"; sourceTree = "<group>"; };
		B8432010202183B200B75738 /* TestSeenHeadIGListKit.app */ = {isa = PBXFileReference; explicitFileType = wrapper.application; includeInIndex = 0; path = TestSeenHeadIGListKit.app; sourceTree = BUILT_PRODUCTS_DIR; };
		B8432013202183B200B75738 /* AppDelegate.swift */ = {isa = PBXFileReference; lastKnownFileType = sourcecode.swift; path = AppDelegate.swift; sourceTree = "<group>"; };
		B8432015202183B200B75738 /* MainViewController.swift */ = {isa = PBXFileReference; lastKnownFileType = sourcecode.swift; path = MainViewController.swift; sourceTree = "<group>"; };
		B8432018202183B200B75738 /* Base */ = {isa = PBXFileReference; lastKnownFileType = file.storyboard; name = Base; path = Base.lproj/Main.storyboard; sourceTree = "<group>"; };
		B843201A202183B200B75738 /* Assets.xcassets */ = {isa = PBXFileReference; lastKnownFileType = folder.assetcatalog; path = Assets.xcassets; sourceTree = "<group>"; };
		B843201D202183B200B75738 /* Base */ = {isa = PBXFileReference; lastKnownFileType = file.storyboard; name = Base; path = Base.lproj/LaunchScreen.storyboard; sourceTree = "<group>"; };
		B843201F202183B200B75738 /* Info.plist */ = {isa = PBXFileReference; lastKnownFileType = text.plist.xml; path = Info.plist; sourceTree = "<group>"; };
		B8432024202183B300B75738 /* TestSeenHeadIGListKitTests.xctest */ = {isa = PBXFileReference; explicitFileType = wrapper.cfbundle; includeInIndex = 0; path = TestSeenHeadIGListKitTests.xctest; sourceTree = BUILT_PRODUCTS_DIR; };
		B8432028202183B300B75738 /* TestSeenHeadIGListKitTests.swift */ = {isa = PBXFileReference; lastKnownFileType = sourcecode.swift; path = TestSeenHeadIGListKitTests.swift; sourceTree = "<group>"; };
		B843202A202183B300B75738 /* Info.plist */ = {isa = PBXFileReference; lastKnownFileType = text.plist.xml; path = Info.plist; sourceTree = "<group>"; };
		B84320352021919B00B75738 /* TestUser.swift */ = {isa = PBXFileReference; lastKnownFileType = sourcecode.swift; path = TestUser.swift; sourceTree = "<group>"; };
		B8432037202191BF00B75738 /* TestMessage.swift */ = {isa = PBXFileReference; lastKnownFileType = sourcecode.swift; path = TestMessage.swift; sourceTree = "<group>"; };
		B843203B2021975F00B75738 /* TestLabelCell.swift */ = {isa = PBXFileReference; lastKnownFileType = sourcecode.swift; path = TestLabelCell.swift; sourceTree = "<group>"; };
		B843203D2021977600B75738 /* TestSeenHeadCell.swift */ = {isa = PBXFileReference; lastKnownFileType = sourcecode.swift; path = TestSeenHeadCell.swift; sourceTree = "<group>"; };
		B843203F2021BC6700B75738 /* EmbeddedCollectionViewCell.swift */ = {isa = PBXFileReference; lastKnownFileType = sourcecode.swift; path = EmbeddedCollectionViewCell.swift; sourceTree = "<group>"; };
		B84320412021BCA800B75738 /* HorizontalSectionController.swift */ = {isa = PBXFileReference; lastKnownFileType = sourcecode.swift; path = HorizontalSectionController.swift; sourceTree = "<group>"; };
		B84320432021C36100B75738 /* SeenHeads.swift */ = {isa = PBXFileReference; lastKnownFileType = sourcecode.swift; path = SeenHeads.swift; sourceTree = "<group>"; };
		C4A4BBA23F578D93D23E0EFB /* Pods_TestSeenHeadIGListKit.framework */ = {isa = PBXFileReference; explicitFileType = wrapper.framework; includeInIndex = 0; path = Pods_TestSeenHeadIGListKit.framework; sourceTree = BUILT_PRODUCTS_DIR; };
		CC43AC666F593E00D31631A1 /* Pods-TestSeenHeadIGListKit.debug.xcconfig */ = {isa = PBXFileReference; includeInIndex = 1; lastKnownFileType = text.xcconfig; name = "Pods-TestSeenHeadIGListKit.debug.xcconfig"; path = "Pods/Target Support Files/Pods-TestSeenHeadIGListKit/Pods-TestSeenHeadIGListKit.debug.xcconfig"; sourceTree = "<group>"; };
/* End PBXFileReference section */

/* Begin PBXFrameworksBuildPhase section */
		B843200D202183B200B75738 /* Frameworks */ = {
			isa = PBXFrameworksBuildPhase;
			buildActionMask = 2147483647;
			files = (
				4F064026F7133E4554EB341F /* Pods_TestSeenHeadIGListKit.framework in Frameworks */,
			);
			runOnlyForDeploymentPostprocessing = 0;
		};
		B8432021202183B300B75738 /* Frameworks */ = {
			isa = PBXFrameworksBuildPhase;
			buildActionMask = 2147483647;
			files = (
				6DA1922647421CD39753E7D8 /* Pods_TestSeenHeadIGListKitTests.framework in Frameworks */,
			);
			runOnlyForDeploymentPostprocessing = 0;
		};
/* End PBXFrameworksBuildPhase section */

/* Begin PBXGroup section */
		66B85ED5B03C132BC43AA839 /* Frameworks */ = {
			isa = PBXGroup;
			children = (
				C4A4BBA23F578D93D23E0EFB /* Pods_TestSeenHeadIGListKit.framework */,
				6864E7BBE2C7245395E0CFD0 /* Pods_TestSeenHeadIGListKitTests.framework */,
			);
			name = Frameworks;
			sourceTree = "<group>";
		};
		B8432007202183B200B75738 = {
			isa = PBXGroup;
			children = (
				B8432012202183B200B75738 /* TestSeenHeadIGListKit */,
				B8432027202183B300B75738 /* TestSeenHeadIGListKitTests */,
				B8432011202183B200B75738 /* Products */,
				D8BD5557D9592C3B1A0C5303 /* Pods */,
				66B85ED5B03C132BC43AA839 /* Frameworks */,
			);
			sourceTree = "<group>";
		};
		B8432011202183B200B75738 /* Products */ = {
			isa = PBXGroup;
			children = (
				B8432010202183B200B75738 /* TestSeenHeadIGListKit.app */,
				B8432024202183B300B75738 /* TestSeenHeadIGListKitTests.xctest */,
			);
			name = Products;
			sourceTree = "<group>";
		};
		B8432012202183B200B75738 /* TestSeenHeadIGListKit */ = {
			isa = PBXGroup;
			children = (
				B8432013202183B200B75738 /* AppDelegate.swift */,
				B8432015202183B200B75738 /* MainViewController.swift */,
				B84320412021BCA800B75738 /* HorizontalSectionController.swift */,
				B843203F2021BC6700B75738 /* EmbeddedCollectionViewCell.swift */,
				B8432017202183B200B75738 /* Main.storyboard */,
				B843201A202183B200B75738 /* Assets.xcassets */,
				B843201C202183B200B75738 /* LaunchScreen.storyboard */,
				B843201F202183B200B75738 /* Info.plist */,
				B84320352021919B00B75738 /* TestUser.swift */,
				B84320432021C36100B75738 /* SeenHeads.swift */,
				B8432037202191BF00B75738 /* TestMessage.swift */,
				B843203B2021975F00B75738 /* TestLabelCell.swift */,
				B843203D2021977600B75738 /* TestSeenHeadCell.swift */,
			);
			path = TestSeenHeadIGListKit;
			sourceTree = "<group>";
		};
		B8432027202183B300B75738 /* TestSeenHeadIGListKitTests */ = {
			isa = PBXGroup;
			children = (
				B8432028202183B300B75738 /* TestSeenHeadIGListKitTests.swift */,
				B843202A202183B300B75738 /* Info.plist */,
			);
			path = TestSeenHeadIGListKitTests;
			sourceTree = "<group>";
		};
		D8BD5557D9592C3B1A0C5303 /* Pods */ = {
			isa = PBXGroup;
			children = (
				CC43AC666F593E00D31631A1 /* Pods-TestSeenHeadIGListKit.debug.xcconfig */,
				2BCED837B92BDBF57CADB3F5 /* Pods-TestSeenHeadIGListKit.release.xcconfig */,
				93C8B049B743B180A2D86897 /* Pods-TestSeenHeadIGListKitTests.debug.xcconfig */,
				81EF23C285C9D0F32C5C7925 /* Pods-TestSeenHeadIGListKitTests.release.xcconfig */,
			);
			name = Pods;
			sourceTree = "<group>";
		};
/* End PBXGroup section */

/* Begin PBXNativeTarget section */
		B843200F202183B200B75738 /* TestSeenHeadIGListKit */ = {
			isa = PBXNativeTarget;
			buildConfigurationList = B843202D202183B300B75738 /* Build configuration list for PBXNativeTarget "TestSeenHeadIGListKit" */;
			buildPhases = (
				589F419FA1E0A3427D7DB95D /* [CP] Check Pods Manifest.lock */,
				B843200C202183B200B75738 /* Sources */,
				B843200D202183B200B75738 /* Frameworks */,
				B843200E202183B200B75738 /* Resources */,
				E732DCEE2A5617E38912347C /* [CP] Embed Pods Frameworks */,
				4BEBD9F2FF69EC6F8C6252FC /* [CP] Copy Pods Resources */,
			);
			buildRules = (
			);
			dependencies = (
			);
			name = TestSeenHeadIGListKit;
			productName = TestSeenHeadIGListKit;
			productReference = B8432010202183B200B75738 /* TestSeenHeadIGListKit.app */;
			productType = "com.apple.product-type.application";
		};
		B8432023202183B300B75738 /* TestSeenHeadIGListKitTests */ = {
			isa = PBXNativeTarget;
			buildConfigurationList = B8432030202183B300B75738 /* Build configuration list for PBXNativeTarget "TestSeenHeadIGListKitTests" */;
			buildPhases = (
				A00F8A2187863A27D08CFEA2 /* [CP] Check Pods Manifest.lock */,
				B8432020202183B300B75738 /* Sources */,
				B8432021202183B300B75738 /* Frameworks */,
				B8432022202183B300B75738 /* Resources */,
				C66387F01573EFAA12E951E7 /* [CP] Embed Pods Frameworks */,
				942C38DFEB5254841605083D /* [CP] Copy Pods Resources */,
			);
			buildRules = (
			);
			dependencies = (
				B8432026202183B300B75738 /* PBXTargetDependency */,
			);
			name = TestSeenHeadIGListKitTests;
			productName = TestSeenHeadIGListKitTests;
			productReference = B8432024202183B300B75738 /* TestSeenHeadIGListKitTests.xctest */;
			productType = "com.apple.product-type.bundle.unit-test";
		};
/* End PBXNativeTarget section */

/* Begin PBXProject section */
		B8432008202183B200B75738 /* Project object */ = {
			isa = PBXProject;
			attributes = {
				LastSwiftUpdateCheck = 0920;
				LastUpgradeCheck = 0920;
				ORGANIZATIONNAME = "Zhisheng Huang";
				TargetAttributes = {
					B843200F202183B200B75738 = {
						CreatedOnToolsVersion = 9.2;
						ProvisioningStyle = Automatic;
					};
					B8432023202183B300B75738 = {
						CreatedOnToolsVersion = 9.2;
						ProvisioningStyle = Automatic;
						TestTargetID = B843200F202183B200B75738;
					};
				};
			};
			buildConfigurationList = B843200B202183B200B75738 /* Build configuration list for PBXProject "TestSeenHeadIGListKit" */;
			compatibilityVersion = "Xcode 8.0";
			developmentRegion = en;
			hasScannedForEncodings = 0;
			knownRegions = (
				en,
				Base,
			);
			mainGroup = B8432007202183B200B75738;
			productRefGroup = B8432011202183B200B75738 /* Products */;
			projectDirPath = "";
			projectRoot = "";
			targets = (
				B843200F202183B200B75738 /* TestSeenHeadIGListKit */,
				B8432023202183B300B75738 /* TestSeenHeadIGListKitTests */,
			);
		};
/* End PBXProject section */

/* Begin PBXResourcesBuildPhase section */
		B843200E202183B200B75738 /* Resources */ = {
			isa = PBXResourcesBuildPhase;
			buildActionMask = 2147483647;
			files = (
				B843201E202183B200B75738 /* LaunchScreen.storyboard in Resources */,
				B843201B202183B200B75738 /* Assets.xcassets in Resources */,
				B8432019202183B200B75738 /* Main.storyboard in Resources */,
			);
			runOnlyForDeploymentPostprocessing = 0;
		};
		B8432022202183B300B75738 /* Resources */ = {
			isa = PBXResourcesBuildPhase;
			buildActionMask = 2147483647;
			files = (
			);
			runOnlyForDeploymentPostprocessing = 0;
		};
/* End PBXResourcesBuildPhase section */

/* Begin PBXShellScriptBuildPhase section */
		4BEBD9F2FF69EC6F8C6252FC /* [CP] Copy Pods Resources */ = {
			isa = PBXShellScriptBuildPhase;
			buildActionMask = 2147483647;
			files = (
			);
			inputPaths = (
			);
			name = "[CP] Copy Pods Resources";
			outputPaths = (
			);
			runOnlyForDeploymentPostprocessing = 0;
			shellPath = /bin/sh;
			shellScript = "\"${SRCROOT}/Pods/Target Support Files/Pods-TestSeenHeadIGListKit/Pods-TestSeenHeadIGListKit-resources.sh\"\n";
			showEnvVarsInLog = 0;
		};
		589F419FA1E0A3427D7DB95D /* [CP] Check Pods Manifest.lock */ = {
			isa = PBXShellScriptBuildPhase;
			buildActionMask = 2147483647;
			files = (
			);
			inputPaths = (
				"${PODS_PODFILE_DIR_PATH}/Podfile.lock",
				"${PODS_ROOT}/Manifest.lock",
			);
			name = "[CP] Check Pods Manifest.lock";
			outputPaths = (
				"$(DERIVED_FILE_DIR)/Pods-TestSeenHeadIGListKit-checkManifestLockResult.txt",
			);
			runOnlyForDeploymentPostprocessing = 0;
			shellPath = /bin/sh;
			shellScript = "diff \"${PODS_PODFILE_DIR_PATH}/Podfile.lock\" \"${PODS_ROOT}/Manifest.lock\" > /dev/null\nif [ $? != 0 ] ; then\n    # print error to STDERR\n    echo \"error: The sandbox is not in sync with the Podfile.lock. Run 'pod install' or update your CocoaPods installation.\" >&2\n    exit 1\nfi\n# This output is used by Xcode 'outputs' to avoid re-running this script phase.\necho \"SUCCESS\" > \"${SCRIPT_OUTPUT_FILE_0}\"\n";
			showEnvVarsInLog = 0;
		};
		942C38DFEB5254841605083D /* [CP] Copy Pods Resources */ = {
			isa = PBXShellScriptBuildPhase;
			buildActionMask = 2147483647;
			files = (
			);
			inputPaths = (
			);
			name = "[CP] Copy Pods Resources";
			outputPaths = (
			);
			runOnlyForDeploymentPostprocessing = 0;
			shellPath = /bin/sh;
			shellScript = "\"${SRCROOT}/Pods/Target Support Files/Pods-TestSeenHeadIGListKitTests/Pods-TestSeenHeadIGListKitTests-resources.sh\"\n";
			showEnvVarsInLog = 0;
		};
		A00F8A2187863A27D08CFEA2 /* [CP] Check Pods Manifest.lock */ = {
			isa = PBXShellScriptBuildPhase;
			buildActionMask = 2147483647;
			files = (
			);
			inputPaths = (
				"${PODS_PODFILE_DIR_PATH}/Podfile.lock",
				"${PODS_ROOT}/Manifest.lock",
			);
			name = "[CP] Check Pods Manifest.lock";
			outputPaths = (
				"$(DERIVED_FILE_DIR)/Pods-TestSeenHeadIGListKitTests-checkManifestLockResult.txt",
			);
			runOnlyForDeploymentPostprocessing = 0;
			shellPath = /bin/sh;
			shellScript = "diff \"${PODS_PODFILE_DIR_PATH}/Podfile.lock\" \"${PODS_ROOT}/Manifest.lock\" > /dev/null\nif [ $? != 0 ] ; then\n    # print error to STDERR\n    echo \"error: The sandbox is not in sync with the Podfile.lock. Run 'pod install' or update your CocoaPods installation.\" >&2\n    exit 1\nfi\n# This output is used by Xcode 'outputs' to avoid re-running this script phase.\necho \"SUCCESS\" > \"${SCRIPT_OUTPUT_FILE_0}\"\n";
			showEnvVarsInLog = 0;
		};
		C66387F01573EFAA12E951E7 /* [CP] Embed Pods Frameworks */ = {
			isa = PBXShellScriptBuildPhase;
			buildActionMask = 2147483647;
			files = (
			);
			inputPaths = (
			);
			name = "[CP] Embed Pods Frameworks";
			outputPaths = (
			);
			runOnlyForDeploymentPostprocessing = 0;
			shellPath = /bin/sh;
			shellScript = "\"${SRCROOT}/Pods/Target Support Files/Pods-TestSeenHeadIGListKitTests/Pods-TestSeenHeadIGListKitTests-frameworks.sh\"\n";
			showEnvVarsInLog = 0;
		};
		E732DCEE2A5617E38912347C /* [CP] Embed Pods Frameworks */ = {
			isa = PBXShellScriptBuildPhase;
			buildActionMask = 2147483647;
			files = (
			);
			inputPaths = (
				"${SRCROOT}/Pods/Target Support Files/Pods-TestSeenHeadIGListKit/Pods-TestSeenHeadIGListKit-frameworks.sh",
				"${BUILT_PRODUCTS_DIR}/IGListKit/IGListKit.framework",
			);
			name = "[CP] Embed Pods Frameworks";
			outputPaths = (
				"${TARGET_BUILD_DIR}/${FRAMEWORKS_FOLDER_PATH}/IGListKit.framework",
			);
			runOnlyForDeploymentPostprocessing = 0;
			shellPath = /bin/sh;
			shellScript = "\"${SRCROOT}/Pods/Target Support Files/Pods-TestSeenHeadIGListKit/Pods-TestSeenHeadIGListKit-frameworks.sh\"\n";
			showEnvVarsInLog = 0;
		};
/* End PBXShellScriptBuildPhase section */

/* Begin PBXSourcesBuildPhase section */
		B843200C202183B200B75738 /* Sources */ = {
			isa = PBXSourcesBuildPhase;
			buildActionMask = 2147483647;
			files = (
				B84320362021919B00B75738 /* TestUser.swift in Sources */,
				B8432016202183B200B75738 /* MainViewController.swift in Sources */,
				B8432038202191BF00B75738 /* TestMessage.swift in Sources */,
				B84320402021BC6700B75738 /* EmbeddedCollectionViewCell.swift in Sources */,
				B843203E2021977600B75738 /* TestSeenHeadCell.swift in Sources */,
				B84320422021BCA800B75738 /* HorizontalSectionController.swift in Sources */,
				B84320442021C36100B75738 /* SeenHeads.swift in Sources */,
				B843203C2021975F00B75738 /* TestLabelCell.swift in Sources */,
				B8432014202183B200B75738 /* AppDelegate.swift in Sources */,
			);
			runOnlyForDeploymentPostprocessing = 0;
		};
		B8432020202183B300B75738 /* Sources */ = {
			isa = PBXSourcesBuildPhase;
			buildActionMask = 2147483647;
			files = (
				B8432029202183B300B75738 /* TestSeenHeadIGListKitTests.swift in Sources */,
			);
			runOnlyForDeploymentPostprocessing = 0;
		};
/* End PBXSourcesBuildPhase section */

/* Begin PBXTargetDependency section */
		B8432026202183B300B75738 /* PBXTargetDependency */ = {
			isa = PBXTargetDependency;
			target = B843200F202183B200B75738 /* TestSeenHeadIGListKit */;
			targetProxy = B8432025202183B300B75738 /* PBXContainerItemProxy */;
		};
/* End PBXTargetDependency section */

/* Begin PBXVariantGroup section */
		B8432017202183B200B75738 /* Main.storyboard */ = {
			isa = PBXVariantGroup;
			children = (
				B8432018202183B200B75738 /* Base */,
			);
			name = Main.storyboard;
			sourceTree = "<group>";
		};
		B843201C202183B200B75738 /* LaunchScreen.storyboard */ = {
			isa = PBXVariantGroup;
			children = (
				B843201D202183B200B75738 /* Base */,
			);
			name = LaunchScreen.storyboard;
			sourceTree = "<group>";
		};
/* End PBXVariantGroup section */

/* Begin XCBuildConfiguration section */
		B843202B202183B300B75738 /* Debug */ = {
			isa = XCBuildConfiguration;
			buildSettings = {
				ALWAYS_SEARCH_USER_PATHS = NO;
				CLANG_ANALYZER_NONNULL = YES;
				CLANG_ANALYZER_NUMBER_OBJECT_CONVERSION = YES_AGGRESSIVE;
				CLANG_CXX_LANGUAGE_STANDARD = "gnu++14";
				CLANG_CXX_LIBRARY = "libc++";
				CLANG_ENABLE_MODULES = YES;
				CLANG_ENABLE_OBJC_ARC = YES;
				CLANG_WARN_BLOCK_CAPTURE_AUTORELEASING = YES;
				CLANG_WARN_BOOL_CONVERSION = YES;
				CLANG_WARN_COMMA = YES;
				CLANG_WARN_CONSTANT_CONVERSION = YES;
				CLANG_WARN_DIRECT_OBJC_ISA_USAGE = YES_ERROR;
				CLANG_WARN_DOCUMENTATION_COMMENTS = YES;
				CLANG_WARN_EMPTY_BODY = YES;
				CLANG_WARN_ENUM_CONVERSION = YES;
				CLANG_WARN_INFINITE_RECURSION = YES;
				CLANG_WARN_INT_CONVERSION = YES;
				CLANG_WARN_NON_LITERAL_NULL_CONVERSION = YES;
				CLANG_WARN_OBJC_LITERAL_CONVERSION = YES;
				CLANG_WARN_OBJC_ROOT_CLASS = YES_ERROR;
				CLANG_WARN_RANGE_LOOP_ANALYSIS = YES;
				CLANG_WARN_STRICT_PROTOTYPES = YES;
				CLANG_WARN_SUSPICIOUS_MOVE = YES;
				CLANG_WARN_UNGUARDED_AVAILABILITY = YES_AGGRESSIVE;
				CLANG_WARN_UNREACHABLE_CODE = YES;
				CLANG_WARN__DUPLICATE_METHOD_MATCH = YES;
				CODE_SIGN_IDENTITY = "iPhone Developer";
				COPY_PHASE_STRIP = NO;
				DEBUG_INFORMATION_FORMAT = dwarf;
				ENABLE_STRICT_OBJC_MSGSEND = YES;
				ENABLE_TESTABILITY = YES;
				GCC_C_LANGUAGE_STANDARD = gnu11;
				GCC_DYNAMIC_NO_PIC = NO;
				GCC_NO_COMMON_BLOCKS = YES;
				GCC_OPTIMIZATION_LEVEL = 0;
				GCC_PREPROCESSOR_DEFINITIONS = (
					"DEBUG=1",
					"$(inherited)",
				);
				GCC_WARN_64_TO_32_BIT_CONVERSION = YES;
				GCC_WARN_ABOUT_RETURN_TYPE = YES_ERROR;
				GCC_WARN_UNDECLARED_SELECTOR = YES;
				GCC_WARN_UNINITIALIZED_AUTOS = YES_AGGRESSIVE;
				GCC_WARN_UNUSED_FUNCTION = YES;
				GCC_WARN_UNUSED_VARIABLE = YES;
				IPHONEOS_DEPLOYMENT_TARGET = 11.2;
				MTL_ENABLE_DEBUG_INFO = YES;
				ONLY_ACTIVE_ARCH = YES;
				SDKROOT = iphoneos;
				SWIFT_ACTIVE_COMPILATION_CONDITIONS = DEBUG;
				SWIFT_OPTIMIZATION_LEVEL = "-Onone";
			};
			name = Debug;
		};
		B843202C202183B300B75738 /* Release */ = {
			isa = XCBuildConfiguration;
			buildSettings = {
				ALWAYS_SEARCH_USER_PATHS = NO;
				CLANG_ANALYZER_NONNULL = YES;
				CLANG_ANALYZER_NUMBER_OBJECT_CONVERSION = YES_AGGRESSIVE;
				CLANG_CXX_LANGUAGE_STANDARD = "gnu++14";
				CLANG_CXX_LIBRARY = "libc++";
				CLANG_ENABLE_MODULES = YES;
				CLANG_ENABLE_OBJC_ARC = YES;
				CLANG_WARN_BLOCK_CAPTURE_AUTORELEASING = YES;
				CLANG_WARN_BOOL_CONVERSION = YES;
				CLANG_WARN_COMMA = YES;
				CLANG_WARN_CONSTANT_CONVERSION = YES;
				CLANG_WARN_DIRECT_OBJC_ISA_USAGE = YES_ERROR;
				CLANG_WARN_DOCUMENTATION_COMMENTS = YES;
				CLANG_WARN_EMPTY_BODY = YES;
				CLANG_WARN_ENUM_CONVERSION = YES;
				CLANG_WARN_INFINITE_RECURSION = YES;
				CLANG_WARN_INT_CONVERSION = YES;
				CLANG_WARN_NON_LITERAL_NULL_CONVERSION = YES;
				CLANG_WARN_OBJC_LITERAL_CONVERSION = YES;
				CLANG_WARN_OBJC_ROOT_CLASS = YES_ERROR;
				CLANG_WARN_RANGE_LOOP_ANALYSIS = YES;
				CLANG_WARN_STRICT_PROTOTYPES = YES;
				CLANG_WARN_SUSPICIOUS_MOVE = YES;
				CLANG_WARN_UNGUARDED_AVAILABILITY = YES_AGGRESSIVE;
				CLANG_WARN_UNREACHABLE_CODE = YES;
				CLANG_WARN__DUPLICATE_METHOD_MATCH = YES;
				CODE_SIGN_IDENTITY = "iPhone Developer";
				COPY_PHASE_STRIP = NO;
				DEBUG_INFORMATION_FORMAT = "dwarf-with-dsym";
				ENABLE_NS_ASSERTIONS = NO;
				ENABLE_STRICT_OBJC_MSGSEND = YES;
				GCC_C_LANGUAGE_STANDARD = gnu11;
				GCC_NO_COMMON_BLOCKS = YES;
				GCC_WARN_64_TO_32_BIT_CONVERSION = YES;
				GCC_WARN_ABOUT_RETURN_TYPE = YES_ERROR;
				GCC_WARN_UNDECLARED_SELECTOR = YES;
				GCC_WARN_UNINITIALIZED_AUTOS = YES_AGGRESSIVE;
				GCC_WARN_UNUSED_FUNCTION = YES;
				GCC_WARN_UNUSED_VARIABLE = YES;
				IPHONEOS_DEPLOYMENT_TARGET = 11.2;
				MTL_ENABLE_DEBUG_INFO = NO;
				SDKROOT = iphoneos;
				SWIFT_OPTIMIZATION_LEVEL = "-Owholemodule";
				VALIDATE_PRODUCT = YES;
			};
			name = Release;
		};
		B843202E202183B300B75738 /* Debug */ = {
			isa = XCBuildConfiguration;
			baseConfigurationReference = CC43AC666F593E00D31631A1 /* Pods-TestSeenHeadIGListKit.debug.xcconfig */;
			buildSettings = {
				ASSETCATALOG_COMPILER_APPICON_NAME = AppIcon;
				CODE_SIGN_STYLE = Automatic;
				DEVELOPMENT_TEAM = 7X3Z6PHMT3;
				INFOPLIST_FILE = TestSeenHeadIGListKit/Info.plist;
				LD_RUNPATH_SEARCH_PATHS = "$(inherited) @executable_path/Frameworks";
				PRODUCT_BUNDLE_IDENTIFIER = com.innovation.TestSeenHeadIGListKit;
				PRODUCT_NAME = "$(TARGET_NAME)";
				SWIFT_VERSION = 4.0;
				TARGETED_DEVICE_FAMILY = "1,2";
			};
			name = Debug;
		};
		B843202F202183B300B75738 /* Release */ = {
			isa = XCBuildConfiguration;
			baseConfigurationReference = 2BCED837B92BDBF57CADB3F5 /* Pods-TestSeenHeadIGListKit.release.xcconfig */;
			buildSettings = {
				ASSETCATALOG_COMPILER_APPICON_NAME = AppIcon;
				CODE_SIGN_STYLE = Automatic;
				DEVELOPMENT_TEAM = 7X3Z6PHMT3;
				INFOPLIST_FILE = TestSeenHeadIGListKit/Info.plist;
				LD_RUNPATH_SEARCH_PATHS = "$(inherited) @executable_path/Frameworks";
				PRODUCT_BUNDLE_IDENTIFIER = com.innovation.TestSeenHeadIGListKit;
				PRODUCT_NAME = "$(TARGET_NAME)";
				SWIFT_VERSION = 4.0;
				TARGETED_DEVICE_FAMILY = "1,2";
			};
			name = Release;
		};
		B8432031202183B300B75738 /* Debug */ = {
			isa = XCBuildConfiguration;
			baseConfigurationReference = 93C8B049B743B180A2D86897 /* Pods-TestSeenHeadIGListKitTests.debug.xcconfig */;
			buildSettings = {
				ALWAYS_EMBED_SWIFT_STANDARD_LIBRARIES = YES;
				BUNDLE_LOADER = "$(TEST_HOST)";
				CODE_SIGN_STYLE = Automatic;
				DEVELOPMENT_TEAM = 7X3Z6PHMT3;
				INFOPLIST_FILE = TestSeenHeadIGListKitTests/Info.plist;
				LD_RUNPATH_SEARCH_PATHS = "$(inherited) @executable_path/Frameworks @loader_path/Frameworks";
				PRODUCT_BUNDLE_IDENTIFIER = com.innovation.TestSeenHeadIGListKitTests;
				PRODUCT_NAME = "$(TARGET_NAME)";
				SWIFT_VERSION = 4.0;
				TARGETED_DEVICE_FAMILY = "1,2";
				TEST_HOST = "$(BUILT_PRODUCTS_DIR)/TestSeenHeadIGListKit.app/TestSeenHeadIGListKit";
			};
			name = Debug;
		};
		B8432032202183B300B75738 /* Release */ = {
			isa = XCBuildConfiguration;
			baseConfigurationReference = 81EF23C285C9D0F32C5C7925 /* Pods-TestSeenHeadIGListKitTests.release.xcconfig */;
			buildSettings = {
				ALWAYS_EMBED_SWIFT_STANDARD_LIBRARIES = YES;
				BUNDLE_LOADER = "$(TEST_HOST)";
				CODE_SIGN_STYLE = Automatic;
				DEVELOPMENT_TEAM = 7X3Z6PHMT3;
				INFOPLIST_FILE = TestSeenHeadIGListKitTests/Info.plist;
				LD_RUNPATH_SEARCH_PATHS = "$(inherited) @executable_path/Frameworks @loader_path/Frameworks";
				PRODUCT_BUNDLE_IDENTIFIER = com.innovation.TestSeenHeadIGListKitTests;
				PRODUCT_NAME = "$(TARGET_NAME)";
				SWIFT_VERSION = 4.0;
				TARGETED_DEVICE_FAMILY = "1,2";
				TEST_HOST = "$(BUILT_PRODUCTS_DIR)/TestSeenHeadIGListKit.app/TestSeenHeadIGListKit";
			};
			name = Release;
		};
/* End XCBuildConfiguration section */

/* Begin XCConfigurationList section */
		B843200B202183B200B75738 /* Build configuration list for PBXProject "TestSeenHeadIGListKit" */ = {
			isa = XCConfigurationList;
			buildConfigurations = (
				B843202B202183B300B75738 /* Debug */,
				B843202C202183B300B75738 /* Release */,
			);
			defaultConfigurationIsVisible = 0;
			defaultConfigurationName = Release;
		};
		B843202D202183B300B75738 /* Build configuration list for PBXNativeTarget "TestSeenHeadIGListKit" */ = {
			isa = XCConfigurationList;
			buildConfigurations = (
				B843202E202183B300B75738 /* Debug */,
				B843202F202183B300B75738 /* Release */,
			);
			defaultConfigurationIsVisible = 0;
			defaultConfigurationName = Release;
		};
		B8432030202183B300B75738 /* Build configuration list for PBXNativeTarget "TestSeenHeadIGListKitTests" */ = {
			isa = XCConfigurationList;
			buildConfigurations = (
				B8432031202183B300B75738 /* Debug */,
				B8432032202183B300B75738 /* Release */,
			);
			defaultConfigurationIsVisible = 0;
			defaultConfigurationName = Release;
		};
/* End XCConfigurationList section */
	};
	rootObject = B8432008202183B200B75738 /* Project object */;
}
