PODS:
  - Alamofire (4.7.0)
  - AlamofireImage (3.3.0):
    - Alamofire (~> 4.5)
  - IGListKit (3.2.0):
    - IGListKit/Default (= 3.2.0)
  - IGListKit/Default (3.2.0):
    - IGListKit/Diffing
  - IGListKit/Diffing (3.2.0)

DEPENDENCIES:
  - AlamofireImage (~> 3.3)
  - IGListKit (~> 3.0)

SPEC CHECKSUMS:
  Alamofire: 907e0a98eb68cdb7f9d1f541a563d6ac5dc77b25
  AlamofireImage: 2e784dc5d00f04903a52c1d169181469c805c3df
  IGListKit: ffe6f98a728ab0250aceea22e7957aa5477c5048

PODFILE CHECKSUM: 9b629c0cc675f0c04ef44780065cf055934b20c3

COCOAPODS: 1.4.0
