PODS:
  - IGListKit (3.2.0):
    - IGListKit/Default (= 3.2.0)
  - IGListKit/Default (3.2.0):
    - IGListKit/Diffing
  - IGListKit/Diffing (3.2.0)

DEPENDENCIES:
  - IGListKit (~> 3.0)

SPEC CHECKSUMS:
  IGListKit: ffe6f98a728ab0250aceea22e7957aa5477c5048

PODFILE CHECKSUM: 44161525d894698ff103a30f6d91482ed2d2cd6c

COCOAPODS: 1.4.0
